
Microsoft Visual Studio Solution File, Format Version 12.00
# Visual Studio Version 16
VisualStudioVersion = 16.0.29926.136
MinimumVisualStudioVersion = 10.0.40219.1
Project("{FAE04EC0-301F-11D3-BF4B-00C04F79EFBC}") = "CompanyEmployees", "CompanyEmployees\CompanyEmployees.csproj", "{B9A6D1CA-E3DC-4DB0-B8B0-CE4D087C6674}"
EndProject
Project("{FAE04EC0-301F-11D3-BF4B-00C04F79EFBC}") = "Contracts", "Contracts\Contracts.csproj", "{1F95DE8B-B34E-4BF3-B6CE-3B5B1FAB89ED}"
EndProject
Project("{FAE04EC0-301F-11D3-BF4B-00C04F79EFBC}") = "LoggerService", "LoggerService\LoggerService.csproj", "{A552B4C4-5B1B-4C13-9F5E-A610CD3EBA59}"
EndProject
Project("{FAE04EC0-301F-11D3-BF4B-00C04F79EFBC}") = "Entities", "Entities\Entities.csproj", "{18C2DDD5-56CB-4E59-847E-34CE2B09E552}"
EndProject
Project("{FAE04EC0-301F-11D3-BF4B-00C04F79EFBC}") = "Repository", "Repository\Repository.csproj", "{BF9A74AA-7F57-4308-B7C7-ADC91823E1FE}"
EndProject
Global
	GlobalSection(SolutionConfigurationPlatforms) = preSolution
		Debug|Any CPU = Debug|Any CPU
		Release|Any CPU = Release|Any CPU
	EndGlobalSection
	GlobalSection(ProjectConfigurationPlatforms) = postSolution
		{B9A6D1CA-E3DC-4DB0-B8B0-CE4D087C6674}.Debug|Any CPU.ActiveCfg = Debug|Any CPU
		{B9A6D1CA-E3DC-4DB0-B8B0-CE4D087C6674}.Debug|Any CPU.Build.0 = Debug|Any CPU
		{B9A6D1CA-E3DC-4DB0-B8B0-CE4D087C6674}.Release|Any CPU.ActiveCfg = Release|Any CPU
		{B9A6D1CA-E3DC-4DB0-B8B0-CE4D087C6674}.Release|Any CPU.Build.0 = Release|Any CPU
		{1F95DE8B-B34E-4BF3-B6CE-3B5B1FAB89ED}.Debug|Any CPU.ActiveCfg = Debug|Any CPU
		{1F95DE8B-B34E-4BF3-B6CE-3B5B1FAB89ED}.Debug|Any CPU.Build.0 = Debug|Any CPU
		{1F95DE8B-B34E-4BF3-B6CE-3B5B1FAB89ED}.Release|Any CPU.ActiveCfg = Release|Any CPU
		{1F95DE8B-B34E-4BF3-B6CE-3B5B1FAB89ED}.Release|Any CPU.Build.0 = Release|Any CPU
		{A552B4C4-5B1B-4C13-9F5E-A610CD3EBA59}.Debug|Any CPU.ActiveCfg = Debug|Any CPU
		{A552B4C4-5B1B-4C13-9F5E-A610CD3EBA59}.Debug|Any CPU.Build.0 = Debug|Any CPU
		{A552B4C4-5B1B-4C13-9F5E-A610CD3EBA59}.Release|Any CPU.ActiveCfg = Release|Any CPU
		{A552B4C4-5B1B-4C13-9F5E-A610CD3EBA59}.Release|Any CPU.Build.0 = Release|Any CPU
		{18C2DDD5-56CB-4E59-847E-34CE2B09E552}.Debug|Any CPU.ActiveCfg = Debug|Any CPU
		{18C2DDD5-56CB-4E59-847E-34CE2B09E552}.Debug|Any CPU.Build.0 = Debug|Any CPU
		{18C2DDD5-56CB-4E59-847E-34CE2B09E552}.Release|Any CPU.ActiveCfg = Release|Any CPU
		{18C2DDD5-56CB-4E59-847E-34CE2B09E552}.Release|Any CPU.Build.0 = Release|Any CPU
		{BF9A74AA-7F57-4308-B7C7-ADC91823E1FE}.Debug|Any CPU.ActiveCfg = Debug|Any CPU
		{BF9A74AA-7F57-4308-B7C7-ADC91823E1FE}.Debug|Any CPU.Build.0 = Debug|Any CPU
		{BF9A74AA-7F57-4308-B7C7-ADC91823E1FE}.Release|Any CPU.ActiveCfg = Release|Any CPU
		{BF9A74AA-7F57-4308-B7C7-ADC91823E1FE}.Release|Any CPU.Build.0 = Release|Any CPU
	EndGlobalSection
	GlobalSection(SolutionProperties) = preSolution
		HideSolutionNode = FALSE
	EndGlobalSection
	GlobalSection(ExtensibilityGlobals) = postSolution
		SolutionGuid = {76D3CB09-B45C-40B0-AAB2-739EA673FC04}
	EndGlobalSection
EndGlobal
